
Microsoft Visual Studio Solution File, Format Version 12.00
# Visual Studio Version 16
VisualStudioVersion = 16.0.32106.194
MinimumVisualStudioVersion = 10.0.40219.1
Project("{2150E333-8FDC-42A3-9474-1A3956D46DE8}") = "Core", "Core", "{CAEF93D1-1113-4211-AB38-4F57CFDEF337}"
EndProject
Project("{2150E333-8FDC-42A3-9474-1A3956D46DE8}") = "Tests", "Tests", "{F6ECF833-96C0-461B-9100-BD6278590476}"
EndProject
Project("{9A19103F-16F7-4668-BE54-9A1E7A4F7556}") = "UserManagerService.Api", "UserManagerService.Api\UserManagerService.Api.csproj", "{7CCD6E23-1349-4542-A048-47E75F24990F}"
EndProject
Project("{9A19103F-16F7-4668-BE54-9A1E7A4F7556}") = "UserManagerService.Entities", "UserManagerService.Entities\UserManagerService.Entities.csproj", "{DF87509F-5B74-4A88-98B2-3E2C29C9D35F}"
EndProject
Project("{9A19103F-16F7-4668-BE54-9A1E7A4F7556}") = "UserManagerService.Repository", "UserManagerService.Repository\UserManagerService.Repository.csproj", "{B88D90C2-078B-4319-B99B-6DCB90F208E0}"
EndProject
Project("{9A19103F-16F7-4668-BE54-9A1E7A4F7556}") = "UserManagerService.Services", "UserManagerService.Services\UserManagerService.Services.csproj", "{BE36A667-7C60-464F-A091-34FF80E9F51B}"
EndProject
Project("{9A19103F-16F7-4668-BE54-9A1E7A4F7556}") = "UserManagerService.Shared", "UserManagerService.Shared\UserManagerService.Shared.csproj", "{5874DFC1-B879-4CFD-8D6D-A486D6267754}"
EndProject
Project("{9A19103F-16F7-4668-BE54-9A1E7A4F7556}") = "UserManagerService.UnitTests", "UserManagerService.UnitTests\UserManagerService.UnitTests.csproj", "{2B330481-3B17-4A2B-8AFF-48D0A1E304BD}"
EndProject
Global
	GlobalSection(SolutionConfigurationPlatforms) = preSolution
		Debug|Any CPU = Debug|Any CPU
		Release|Any CPU = Release|Any CPU
	EndGlobalSection
	GlobalSection(ProjectConfigurationPlatforms) = postSolution
		{0F89DF94-5165-4157-90FA-DF59D114386E}.Debug|Any CPU.ActiveCfg = Debug|Any CPU
		{0F89DF94-5165-4157-90FA-DF59D114386E}.Debug|Any CPU.Build.0 = Debug|Any CPU
		{0F89DF94-5165-4157-90FA-DF59D114386E}.Release|Any CPU.ActiveCfg = Release|Any CPU
		{0F89DF94-5165-4157-90FA-DF59D114386E}.Release|Any CPU.Build.0 = Release|Any CPU
		{7CCD6E23-1349-4542-A048-47E75F24990F}.Debug|Any CPU.ActiveCfg = Debug|Any CPU
		{7CCD6E23-1349-4542-A048-47E75F24990F}.Debug|Any CPU.Build.0 = Debug|Any CPU
		{7CCD6E23-1349-4542-A048-47E75F24990F}.Release|Any CPU.ActiveCfg = Release|Any CPU
		{7CCD6E23-1349-4542-A048-47E75F24990F}.Release|Any CPU.Build.0 = Release|Any CPU
		{DF87509F-5B74-4A88-98B2-3E2C29C9D35F}.Debug|Any CPU.ActiveCfg = Debug|Any CPU
		{DF87509F-5B74-4A88-98B2-3E2C29C9D35F}.Debug|Any CPU.Build.0 = Debug|Any CPU
		{DF87509F-5B74-4A88-98B2-3E2C29C9D35F}.Release|Any CPU.ActiveCfg = Release|Any CPU
		{DF87509F-5B74-4A88-98B2-3E2C29C9D35F}.Release|Any CPU.Build.0 = Release|Any CPU
		{B88D90C2-078B-4319-B99B-6DCB90F208E0}.Debug|Any CPU.ActiveCfg = Debug|Any CPU
		{B88D90C2-078B-4319-B99B-6DCB90F208E0}.Debug|Any CPU.Build.0 = Debug|Any CPU
		{B88D90C2-078B-4319-B99B-6DCB90F208E0}.Release|Any CPU.ActiveCfg = Release|Any CPU
		{B88D90C2-078B-4319-B99B-6DCB90F208E0}.Release|Any CPU.Build.0 = Release|Any CPU
		{BE36A667-7C60-464F-A091-34FF80E9F51B}.Debug|Any CPU.ActiveCfg = Debug|Any CPU
		{BE36A667-7C60-464F-A091-34FF80E9F51B}.Debug|Any CPU.Build.0 = Debug|Any CPU
		{BE36A667-7C60-464F-A091-34FF80E9F51B}.Release|Any CPU.ActiveCfg = Release|Any CPU
		{BE36A667-7C60-464F-A091-34FF80E9F51B}.Release|Any CPU.Build.0 = Release|Any CPU
		{5874DFC1-B879-4CFD-8D6D-A486D6267754}.Debug|Any CPU.ActiveCfg = Debug|Any CPU
		{5874DFC1-B879-4CFD-8D6D-A486D6267754}.Debug|Any CPU.Build.0 = Debug|Any CPU
		{5874DFC1-B879-4CFD-8D6D-A486D6267754}.Release|Any CPU.ActiveCfg = Release|Any CPU
		{5874DFC1-B879-4CFD-8D6D-A486D6267754}.Release|Any CPU.Build.0 = Release|Any CPU
		{2B330481-3B17-4A2B-8AFF-48D0A1E304BD}.Debug|Any CPU.ActiveCfg = Debug|Any CPU
		{2B330481-3B17-4A2B-8AFF-48D0A1E304BD}.Debug|Any CPU.Build.0 = Debug|Any CPU
		{2B330481-3B17-4A2B-8AFF-48D0A1E304BD}.Release|Any CPU.ActiveCfg = Release|Any CPU
		{2B330481-3B17-4A2B-8AFF-48D0A1E304BD}.Release|Any CPU.Build.0 = Release|Any CPU
	EndGlobalSection
	GlobalSection(SolutionProperties) = preSolution
		HideSolutionNode = FALSE
	EndGlobalSection
	GlobalSection(NestedProjects) = preSolution
		{DF87509F-5B74-4A88-98B2-3E2C29C9D35F} = {CAEF93D1-1113-4211-AB38-4F57CFDEF337}
		{B88D90C2-078B-4319-B99B-6DCB90F208E0} = {CAEF93D1-1113-4211-AB38-4F57CFDEF337}
		{BE36A667-7C60-464F-A091-34FF80E9F51B} = {CAEF93D1-1113-4211-AB38-4F57CFDEF337}
		{5874DFC1-B879-4CFD-8D6D-A486D6267754} = {CAEF93D1-1113-4211-AB38-4F57CFDEF337}
		{2B330481-3B17-4A2B-8AFF-48D0A1E304BD} = {CAEF93D1-1113-4211-AB38-4F57CFDEF337}
	EndGlobalSection
	GlobalSection(ExtensibilityGlobals) = postSolution
		SolutionGuid = {28F34DED-1BD5-4C04-9E7B-77800028BBC7}
	EndGlobalSection
EndGlobal
